
Microsoft Visual Studio Solution File, Format Version 12.00
# Visual Studio Version 16
VisualStudioVersion = 16.0.29709.97
MinimumVisualStudioVersion = 10.0.40219.1
Project("{FAE04EC0-301F-11D3-BF4B-00C04F79EFBC}") = "Store.API", "Store.API.csproj", "{F7C72BB1-366C-4E18-88E1-7D20ECB8A929}"
EndProject
Project("{FAE04EC0-301F-11D3-BF4B-00C04F79EFBC}") = "Store.DATA", "..\Store.DATA\Store.DATA.csproj", "{845A2D53-CCF6-40CC-B038-011EBA48D8BC}"
EndProject
Project("{FAE04EC0-301F-11D3-BF4B-00C04F79EFBC}") = "Store.AUTH", "..\Store.AUTH\Store.AUTH.csproj", "{B3F55F06-8E79-499E-92C7-A76A341E9C6F}"
EndProject
Project("{FAE04EC0-301F-11D3-BF4B-00C04F79EFBC}") = "Store.CORE", "..\Store.CORE\Store.CORE.csproj", "{AB5F4229-9E6F-449D-9495-09F5A1220A8C}"
EndProject
Global
	GlobalSection(SolutionConfigurationPlatforms) = preSolution
		Debug|Any CPU = Debug|Any CPU
		Release|Any CPU = Release|Any CPU
	EndGlobalSection
	GlobalSection(ProjectConfigurationPlatforms) = postSolution
		{F7C72BB1-366C-4E18-88E1-7D20ECB8A929}.Debug|Any CPU.ActiveCfg = Debug|Any CPU
		{F7C72BB1-366C-4E18-88E1-7D20ECB8A929}.Debug|Any CPU.Build.0 = Debug|Any CPU
		{F7C72BB1-366C-4E18-88E1-7D20ECB8A929}.Release|Any CPU.ActiveCfg = Release|Any CPU
		{F7C72BB1-366C-4E18-88E1-7D20ECB8A929}.Release|Any CPU.Build.0 = Release|Any CPU
		{845A2D53-CCF6-40CC-B038-011EBA48D8BC}.Debug|Any CPU.ActiveCfg = Debug|Any CPU
		{845A2D53-CCF6-40CC-B038-011EBA48D8BC}.Debug|Any CPU.Build.0 = Debug|Any CPU
		{845A2D53-CCF6-40CC-B038-011EBA48D8BC}.Release|Any CPU.ActiveCfg = Release|Any CPU
		{845A2D53-CCF6-40CC-B038-011EBA48D8BC}.Release|Any CPU.Build.0 = Release|Any CPU
		{B3F55F06-8E79-499E-92C7-A76A341E9C6F}.Debug|Any CPU.ActiveCfg = Debug|Any CPU
		{B3F55F06-8E79-499E-92C7-A76A341E9C6F}.Debug|Any CPU.Build.0 = Debug|Any CPU
		{B3F55F06-8E79-499E-92C7-A76A341E9C6F}.Release|Any CPU.ActiveCfg = Release|Any CPU
		{B3F55F06-8E79-499E-92C7-A76A341E9C6F}.Release|Any CPU.Build.0 = Release|Any CPU
		{AB5F4229-9E6F-449D-9495-09F5A1220A8C}.Debug|Any CPU.ActiveCfg = Debug|Any CPU
		{AB5F4229-9E6F-449D-9495-09F5A1220A8C}.Debug|Any CPU.Build.0 = Debug|Any CPU
		{AB5F4229-9E6F-449D-9495-09F5A1220A8C}.Release|Any CPU.ActiveCfg = Release|Any CPU
		{AB5F4229-9E6F-449D-9495-09F5A1220A8C}.Release|Any CPU.Build.0 = Release|Any CPU
	EndGlobalSection
	GlobalSection(SolutionProperties) = preSolution
		HideSolutionNode = FALSE
	EndGlobalSection
	GlobalSection(ExtensibilityGlobals) = postSolution
		SolutionGuid = {4BA646F2-BF41-4C9B-BA7E-B35D9D30FF77}
	EndGlobalSection
EndGlobal
